// !$*UTF8*$!
{
	archiveVersion = 1;
	classes = {
	};
	objectVersion = 56;
	objects = {

/* Begin PBXBuildFile section */
		2454808129CB0DD7003BAF4C /* AppDelegate.swift in Sources */ = {isa = PBXBuildFile; fileRef = 2454808029CB0DD7003BAF4C /* AppDelegate.swift */; };
		2454808329CB0DD7003BAF4C /* SceneDelegate.swift in Sources */ = {isa = PBXBuildFile; fileRef = 2454808229CB0DD7003BAF4C /* SceneDelegate.swift */; };
		2454808529CB0DD7003BAF4C /* ViewController.swift in Sources */ = {isa = PBXBuildFile; fileRef = 2454808429CB0DD7003BAF4C /* ViewController.swift */; };
		2454808829CB0DD7003BAF4C /* Main.storyboard in Resources */ = {isa = PBXBuildFile; fileRef = 2454808629CB0DD7003BAF4C /* Main.storyboard */; };
		2454808A29CB0DD9003BAF4C /* Assets.xcassets in Resources */ = {isa = PBXBuildFile; fileRef = 2454808929CB0DD9003BAF4C /* Assets.xcassets */; };
		2454808D29CB0DD9003BAF4C /* LaunchScreen.storyboard in Resources */ = {isa = PBXBuildFile; fileRef = 2454808B29CB0DD9003BAF4C /* LaunchScreen.storyboard */; };
		2454809A29CB0ECA003BAF4C /* PokemonPresenter.swift in Sources */ = {isa = PBXBuildFile; fileRef = 2454809429CB0ECA003BAF4C /* PokemonPresenter.swift */; };
		2454809B29CB0ECA003BAF4C /* PokemonWorker.swift in Sources */ = {isa = PBXBuildFile; fileRef = 2454809529CB0ECA003BAF4C /* PokemonWorker.swift */; };
		2454809C29CB0ECA003BAF4C /* PokemonRouter.swift in Sources */ = {isa = PBXBuildFile; fileRef = 2454809629CB0ECA003BAF4C /* PokemonRouter.swift */; };
		2454809D29CB0ECA003BAF4C /* PokemonModels.swift in Sources */ = {isa = PBXBuildFile; fileRef = 2454809729CB0ECA003BAF4C /* PokemonModels.swift */; };
		2454809E29CB0ECA003BAF4C /* PokemonViewController.swift in Sources */ = {isa = PBXBuildFile; fileRef = 2454809829CB0ECA003BAF4C /* PokemonViewController.swift */; };
		2454809F29CB0ECA003BAF4C /* PokemonInteractor.swift in Sources */ = {isa = PBXBuildFile; fileRef = 2454809929CB0ECA003BAF4C /* PokemonInteractor.swift */; };
		245480A229CB2932003BAF4C /* Models.swift in Sources */ = {isa = PBXBuildFile; fileRef = 245480A129CB2932003BAF4C /* Models.swift */; };
		245480A629CB3BD2003BAF4C /* PokemonTableViewCell.swift in Sources */ = {isa = PBXBuildFile; fileRef = 245480A429CB3BD2003BAF4C /* PokemonTableViewCell.swift */; };
		245480A729CB3BD2003BAF4C /* PokemonTableViewCell.xib in Resources */ = {isa = PBXBuildFile; fileRef = 245480A529CB3BD2003BAF4C /* PokemonTableViewCell.xib */; };
		245480AA29CB4B94003BAF4C /* UIImageViewExt.swift in Sources */ = {isa = PBXBuildFile; fileRef = 245480A929CB4B94003BAF4C /* UIImageViewExt.swift */; };
		245480B429CB5B12003BAF4C /* PokemonDetailsPresenter.swift in Sources */ = {isa = PBXBuildFile; fileRef = 245480AE29CB5B12003BAF4C /* PokemonDetailsPresenter.swift */; };
		245480B529CB5B12003BAF4C /* PokemonDetailsWorker.swift in Sources */ = {isa = PBXBuildFile; fileRef = 245480AF29CB5B12003BAF4C /* PokemonDetailsWorker.swift */; };
		245480B629CB5B12003BAF4C /* PokemonDetailsRouter.swift in Sources */ = {isa = PBXBuildFile; fileRef = 245480B029CB5B12003BAF4C /* PokemonDetailsRouter.swift */; };
		245480B729CB5B12003BAF4C /* PokemonDetailsModels.swift in Sources */ = {isa = PBXBuildFile; fileRef = 245480B129CB5B12003BAF4C /* PokemonDetailsModels.swift */; };
		245480B829CB5B12003BAF4C /* PokemonDetailsViewController.swift in Sources */ = {isa = PBXBuildFile; fileRef = 245480B229CB5B12003BAF4C /* PokemonDetailsViewController.swift */; };
		245480B929CB5B12003BAF4C /* PokemonDetailsInteractor.swift in Sources */ = {isa = PBXBuildFile; fileRef = 245480B329CB5B12003BAF4C /* PokemonDetailsInteractor.swift */; };
		245480BB29CB5B23003BAF4C /* PokemonDetails.storyboard in Resources */ = {isa = PBXBuildFile; fileRef = 245480BA29CB5B23003BAF4C /* PokemonDetails.storyboard */; };
/* End PBXBuildFile section */

/* Begin PBXFileReference section */
		2454807D29CB0DD7003BAF4C /* AnaliticaHouse_Case.app */ = {isa = PBXFileReference; explicitFileType = wrapper.application; includeInIndex = 0; path = AnaliticaHouse_Case.app; sourceTree = BUILT_PRODUCTS_DIR; };
		2454808029CB0DD7003BAF4C /* AppDelegate.swift */ = {isa = PBXFileReference; lastKnownFileType = sourcecode.swift; path = AppDelegate.swift; sourceTree = "<group>"; };
		2454808229CB0DD7003BAF4C /* SceneDelegate.swift */ = {isa = PBXFileReference; lastKnownFileType = sourcecode.swift; path = SceneDelegate.swift; sourceTree = "<group>"; };
		2454808429CB0DD7003BAF4C /* ViewController.swift */ = {isa = PBXFileReference; lastKnownFileType = sourcecode.swift; path = ViewController.swift; sourceTree = "<group>"; };
		2454808729CB0DD7003BAF4C /* Base */ = {isa = PBXFileReference; lastKnownFileType = file.storyboard; name = Base; path = Base.lproj/Main.storyboard; sourceTree = "<group>"; };
		2454808929CB0DD9003BAF4C /* Assets.xcassets */ = {isa = PBXFileReference; lastKnownFileType = folder.assetcatalog; path = Assets.xcassets; sourceTree = "<group>"; };
		2454808C29CB0DD9003BAF4C /* Base */ = {isa = PBXFileReference; lastKnownFileType = file.storyboard; name = Base; path = Base.lproj/LaunchScreen.storyboard; sourceTree = "<group>"; };
		2454808E29CB0DD9003BAF4C /* Info.plist */ = {isa = PBXFileReference; lastKnownFileType = text.plist.xml; path = Info.plist; sourceTree = "<group>"; };
		2454809429CB0ECA003BAF4C /* PokemonPresenter.swift */ = {isa = PBXFileReference; lastKnownFileType = sourcecode.swift; path = PokemonPresenter.swift; sourceTree = "<group>"; };
		2454809529CB0ECA003BAF4C /* PokemonWorker.swift */ = {isa = PBXFileReference; lastKnownFileType = sourcecode.swift; path = PokemonWorker.swift; sourceTree = "<group>"; };
		2454809629CB0ECA003BAF4C /* PokemonRouter.swift */ = {isa = PBXFileReference; lastKnownFileType = sourcecode.swift; path = PokemonRouter.swift; sourceTree = "<group>"; };
		2454809729CB0ECA003BAF4C /* PokemonModels.swift */ = {isa = PBXFileReference; lastKnownFileType = sourcecode.swift; path = PokemonModels.swift; sourceTree = "<group>"; };
		2454809829CB0ECA003BAF4C /* PokemonViewController.swift */ = {isa = PBXFileReference; lastKnownFileType = sourcecode.swift; path = PokemonViewController.swift; sourceTree = "<group>"; };
		2454809929CB0ECA003BAF4C /* PokemonInteractor.swift */ = {isa = PBXFileReference; lastKnownFileType = sourcecode.swift; path = PokemonInteractor.swift; sourceTree = "<group>"; };
		245480A129CB2932003BAF4C /* Models.swift */ = {isa = PBXFileReference; lastKnownFileType = sourcecode.swift; path = Models.swift; sourceTree = "<group>"; };
		245480A429CB3BD2003BAF4C /* PokemonTableViewCell.swift */ = {isa = PBXFileReference; lastKnownFileType = sourcecode.swift; path = PokemonTableViewCell.swift; sourceTree = "<group>"; };
		245480A529CB3BD2003BAF4C /* PokemonTableViewCell.xib */ = {isa = PBXFileReference; lastKnownFileType = file.xib; path = PokemonTableViewCell.xib; sourceTree = "<group>"; };
		245480A929CB4B94003BAF4C /* UIImageViewExt.swift */ = {isa = PBXFileReference; lastKnownFileType = sourcecode.swift; path = UIImageViewExt.swift; sourceTree = "<group>"; };
		245480AE29CB5B12003BAF4C /* PokemonDetailsPresenter.swift */ = {isa = PBXFileReference; lastKnownFileType = sourcecode.swift; path = PokemonDetailsPresenter.swift; sourceTree = "<group>"; };
		245480AF29CB5B12003BAF4C /* PokemonDetailsWorker.swift */ = {isa = PBXFileReference; lastKnownFileType = sourcecode.swift; path = PokemonDetailsWorker.swift; sourceTree = "<group>"; };
		245480B029CB5B12003BAF4C /* PokemonDetailsRouter.swift */ = {isa = PBXFileReference; lastKnownFileType = sourcecode.swift; path = PokemonDetailsRouter.swift; sourceTree = "<group>"; };
		245480B129CB5B12003BAF4C /* PokemonDetailsModels.swift */ = {isa = PBXFileReference; lastKnownFileType = sourcecode.swift; path = PokemonDetailsModels.swift; sourceTree = "<group>"; };
		245480B229CB5B12003BAF4C /* PokemonDetailsViewController.swift */ = {isa = PBXFileReference; lastKnownFileType = sourcecode.swift; path = PokemonDetailsViewController.swift; sourceTree = "<group>"; };
		245480B329CB5B12003BAF4C /* PokemonDetailsInteractor.swift */ = {isa = PBXFileReference; lastKnownFileType = sourcecode.swift; path = PokemonDetailsInteractor.swift; sourceTree = "<group>"; };
		245480BA29CB5B23003BAF4C /* PokemonDetails.storyboard */ = {isa = PBXFileReference; lastKnownFileType = file.storyboard; path = PokemonDetails.storyboard; sourceTree = "<group>"; };
/* End PBXFileReference section */

/* Begin PBXFrameworksBuildPhase section */
		2454807A29CB0DD7003BAF4C /* Frameworks */ = {
			isa = PBXFrameworksBuildPhase;
			buildActionMask = 2147483647;
			files = (
			);
			runOnlyForDeploymentPostprocessing = 0;
		};
/* End PBXFrameworksBuildPhase section */

/* Begin PBXGroup section */
		2454807429CB0DD7003BAF4C = {
			isa = PBXGroup;
			children = (
				2454807F29CB0DD7003BAF4C /* AnaliticaHouse_Case */,
				2454807E29CB0DD7003BAF4C /* Products */,
			);
			sourceTree = "<group>";
		};
		2454807E29CB0DD7003BAF4C /* Products */ = {
			isa = PBXGroup;
			children = (
				2454807D29CB0DD7003BAF4C /* AnaliticaHouse_Case.app */,
			);
			name = Products;
			sourceTree = "<group>";
		};
		2454807F29CB0DD7003BAF4C /* AnaliticaHouse_Case */ = {
			isa = PBXGroup;
			children = (
				245480A029CB0ECE003BAF4C /* Pokemon */,
				245480AD29CB586D003BAF4C /* PokemonDetails */,
				245480A829CB4B79003BAF4C /* Extensions */,
				246F67E129CCBC7600A298A9 /* Models */,
				2454808029CB0DD7003BAF4C /* AppDelegate.swift */,
				2454808229CB0DD7003BAF4C /* SceneDelegate.swift */,
				2454808429CB0DD7003BAF4C /* ViewController.swift */,
				2454808929CB0DD9003BAF4C /* Assets.xcassets */,
				2454808B29CB0DD9003BAF4C /* LaunchScreen.storyboard */,
				2454808E29CB0DD9003BAF4C /* Info.plist */,
			);
			path = AnaliticaHouse_Case;
			sourceTree = "<group>";
		};
		245480A029CB0ECE003BAF4C /* Pokemon */ = {
			isa = PBXGroup;
			children = (
				245480A329CB3BA4003BAF4C /* TableViewCell */,
				2454809429CB0ECA003BAF4C /* PokemonPresenter.swift */,
				2454809529CB0ECA003BAF4C /* PokemonWorker.swift */,
				2454809629CB0ECA003BAF4C /* PokemonRouter.swift */,
				2454809729CB0ECA003BAF4C /* PokemonModels.swift */,
				2454809829CB0ECA003BAF4C /* PokemonViewController.swift */,
				2454809929CB0ECA003BAF4C /* PokemonInteractor.swift */,
				2454808629CB0DD7003BAF4C /* Main.storyboard */,
			);
			path = Pokemon;
			sourceTree = "<group>";
		};
		245480A329CB3BA4003BAF4C /* TableViewCell */ = {
			isa = PBXGroup;
			children = (
				245480A429CB3BD2003BAF4C /* PokemonTableViewCell.swift */,
				245480A529CB3BD2003BAF4C /* PokemonTableViewCell.xib */,
			);
			path = TableViewCell;
			sourceTree = "<group>";
		};
		245480A829CB4B79003BAF4C /* Extensions */ = {
			isa = PBXGroup;
			children = (
				245480A929CB4B94003BAF4C /* UIImageViewExt.swift */,
			);
			path = Extensions;
			sourceTree = "<group>";
		};
		245480AD29CB586D003BAF4C /* PokemonDetails */ = {
			isa = PBXGroup;
			children = (
				245480AE29CB5B12003BAF4C /* PokemonDetailsPresenter.swift */,
				245480AF29CB5B12003BAF4C /* PokemonDetailsWorker.swift */,
				245480B029CB5B12003BAF4C /* PokemonDetailsRouter.swift */,
				245480B129CB5B12003BAF4C /* PokemonDetailsModels.swift */,
				245480B229CB5B12003BAF4C /* PokemonDetailsViewController.swift */,
				245480B329CB5B12003BAF4C /* PokemonDetailsInteractor.swift */,
				245480BA29CB5B23003BAF4C /* PokemonDetails.storyboard */,
			);
			path = PokemonDetails;
			sourceTree = "<group>";
		};
		246F67E129CCBC7600A298A9 /* Models */ = {
			isa = PBXGroup;
			children = (
				245480A129CB2932003BAF4C /* Models.swift */,
			);
			path = Models;
			sourceTree = "<group>";
		};
/* End PBXGroup section */

/* Begin PBXNativeTarget section */
		2454807C29CB0DD7003BAF4C /* AnaliticaHouse_Case */ = {
			isa = PBXNativeTarget;
			buildConfigurationList = 2454809129CB0DD9003BAF4C /* Build configuration list for PBXNativeTarget "AnaliticaHouse_Case" */;
			buildPhases = (
				2454807929CB0DD7003BAF4C /* Sources */,
				2454807A29CB0DD7003BAF4C /* Frameworks */,
				2454807B29CB0DD7003BAF4C /* Resources */,
			);
			buildRules = (
			);
			dependencies = (
			);
			name = AnaliticaHouse_Case;
			productName = AnaliticaHouse_Case;
			productReference = 2454807D29CB0DD7003BAF4C /* AnaliticaHouse_Case.app */;
			productType = "com.apple.product-type.application";
		};
/* End PBXNativeTarget section */

/* Begin PBXProject section */
		2454807529CB0DD7003BAF4C /* Project object */ = {
			isa = PBXProject;
			attributes = {
				BuildIndependentTargetsInParallel = 1;
				LastSwiftUpdateCheck = 1420;
				LastUpgradeCheck = 1420;
				TargetAttributes = {
					2454807C29CB0DD7003BAF4C = {
						CreatedOnToolsVersion = 14.2;
					};
				};
			};
			buildConfigurationList = 2454807829CB0DD7003BAF4C /* Build configuration list for PBXProject "AnaliticaHouse_Case" */;
			compatibilityVersion = "Xcode 14.0";
			developmentRegion = en;
			hasScannedForEncodings = 0;
			knownRegions = (
				en,
				Base,
			);
			mainGroup = 2454807429CB0DD7003BAF4C;
			packageReferences = (
			);
			productRefGroup = 2454807E29CB0DD7003BAF4C /* Products */;
			projectDirPath = "";
			projectRoot = "";
			targets = (
				2454807C29CB0DD7003BAF4C /* AnaliticaHouse_Case */,
			);
		};
/* End PBXProject section */

/* Begin PBXResourcesBuildPhase section */
		2454807B29CB0DD7003BAF4C /* Resources */ = {
			isa = PBXResourcesBuildPhase;
			buildActionMask = 2147483647;
			files = (
				245480BB29CB5B23003BAF4C /* PokemonDetails.storyboard in Resources */,
				2454808D29CB0DD9003BAF4C /* LaunchScreen.storyboard in Resources */,
				245480A729CB3BD2003BAF4C /* PokemonTableViewCell.xib in Resources */,
				2454808A29CB0DD9003BAF4C /* Assets.xcassets in Resources */,
				2454808829CB0DD7003BAF4C /* Main.storyboard in Resources */,
			);
			runOnlyForDeploymentPostprocessing = 0;
		};
/* End PBXResourcesBuildPhase section */

/* Begin PBXSourcesBuildPhase section */
		2454807929CB0DD7003BAF4C /* Sources */ = {
			isa = PBXSourcesBuildPhase;
			buildActionMask = 2147483647;
			files = (
				2454809C29CB0ECA003BAF4C /* PokemonRouter.swift in Sources */,
				2454809D29CB0ECA003BAF4C /* PokemonModels.swift in Sources */,
				245480B629CB5B12003BAF4C /* PokemonDetailsRouter.swift in Sources */,
				2454808529CB0DD7003BAF4C /* ViewController.swift in Sources */,
				2454808129CB0DD7003BAF4C /* AppDelegate.swift in Sources */,
				245480AA29CB4B94003BAF4C /* UIImageViewExt.swift in Sources */,
				2454809F29CB0ECA003BAF4C /* PokemonInteractor.swift in Sources */,
				2454809A29CB0ECA003BAF4C /* PokemonPresenter.swift in Sources */,
				245480B729CB5B12003BAF4C /* PokemonDetailsModels.swift in Sources */,
				2454809B29CB0ECA003BAF4C /* PokemonWorker.swift in Sources */,
				245480B529CB5B12003BAF4C /* PokemonDetailsWorker.swift in Sources */,
				2454809E29CB0ECA003BAF4C /* PokemonViewController.swift in Sources */,
				2454808329CB0DD7003BAF4C /* SceneDelegate.swift in Sources */,
				245480B829CB5B12003BAF4C /* PokemonDetailsViewController.swift in Sources */,
				245480A229CB2932003BAF4C /* Models.swift in Sources */,
				245480A629CB3BD2003BAF4C /* PokemonTableViewCell.swift in Sources */,
				245480B429CB5B12003BAF4C /* PokemonDetailsPresenter.swift in Sources */,
				245480B929CB5B12003BAF4C /* PokemonDetailsInteractor.swift in Sources */,
			);
			runOnlyForDeploymentPostprocessing = 0;
		};
/* End PBXSourcesBuildPhase section */

/* Begin PBXVariantGroup section */
		2454808629CB0DD7003BAF4C /* Main.storyboard */ = {
			isa = PBXVariantGroup;
			children = (
				2454808729CB0DD7003BAF4C /* Base */,
			);
			name = Main.storyboard;
			sourceTree = "<group>";
		};
		2454808B29CB0DD9003BAF4C /* LaunchScreen.storyboard */ = {
			isa = PBXVariantGroup;
			children = (
				2454808C29CB0DD9003BAF4C /* Base */,
			);
			name = LaunchScreen.storyboard;
			sourceTree = "<group>";
		};
/* End PBXVariantGroup section */

/* Begin XCBuildConfiguration section */
		2454808F29CB0DD9003BAF4C /* Debug */ = {
			isa = XCBuildConfiguration;
			buildSettings = {
				ALWAYS_SEARCH_USER_PATHS = NO;
				CLANG_ANALYZER_NONNULL = YES;
				CLANG_ANALYZER_NUMBER_OBJECT_CONVERSION = YES_AGGRESSIVE;
				CLANG_CXX_LANGUAGE_STANDARD = "gnu++20";
				CLANG_ENABLE_MODULES = YES;
				CLANG_ENABLE_OBJC_ARC = YES;
				CLANG_ENABLE_OBJC_WEAK = YES;
				CLANG_WARN_BLOCK_CAPTURE_AUTORELEASING = YES;
				CLANG_WARN_BOOL_CONVERSION = YES;
				CLANG_WARN_COMMA = YES;
				CLANG_WARN_CONSTANT_CONVERSION = YES;
				CLANG_WARN_DEPRECATED_OBJC_IMPLEMENTATIONS = YES;
				CLANG_WARN_DIRECT_OBJC_ISA_USAGE = YES_ERROR;
				CLANG_WARN_DOCUMENTATION_COMMENTS = YES;
				CLANG_WARN_EMPTY_BODY = YES;
				CLANG_WARN_ENUM_CONVERSION = YES;
				CLANG_WARN_INFINITE_RECURSION = YES;
				CLANG_WARN_INT_CONVERSION = YES;
				CLANG_WARN_NON_LITERAL_NULL_CONVERSION = YES;
				CLANG_WARN_OBJC_IMPLICIT_RETAIN_SELF = YES;
				CLANG_WARN_OBJC_LITERAL_CONVERSION = YES;
				CLANG_WARN_OBJC_ROOT_CLASS = YES_ERROR;
				CLANG_WARN_QUOTED_INCLUDE_IN_FRAMEWORK_HEADER = YES;
				CLANG_WARN_RANGE_LOOP_ANALYSIS = YES;
				CLANG_WARN_STRICT_PROTOTYPES = YES;
				CLANG_WARN_SUSPICIOUS_MOVE = YES;
				CLANG_WARN_UNGUARDED_AVAILABILITY = YES_AGGRESSIVE;
				CLANG_WARN_UNREACHABLE_CODE = YES;
				CLANG_WARN__DUPLICATE_METHOD_MATCH = YES;
				COPY_PHASE_STRIP = NO;
				DEBUG_INFORMATION_FORMAT = dwarf;
				ENABLE_STRICT_OBJC_MSGSEND = YES;
				ENABLE_TESTABILITY = YES;
				GCC_C_LANGUAGE_STANDARD = gnu11;
				GCC_DYNAMIC_NO_PIC = NO;
				GCC_NO_COMMON_BLOCKS = YES;
				GCC_OPTIMIZATION_LEVEL = 0;
				GCC_PREPROCESSOR_DEFINITIONS = (
					"DEBUG=1",
					"$(inherited)",
				);
				GCC_WARN_64_TO_32_BIT_CONVERSION = YES;
				GCC_WARN_ABOUT_RETURN_TYPE = YES_ERROR;
				GCC_WARN_UNDECLARED_SELECTOR = YES;
				GCC_WARN_UNINITIALIZED_AUTOS = YES_AGGRESSIVE;
				GCC_WARN_UNUSED_FUNCTION = YES;
				GCC_WARN_UNUSED_VARIABLE = YES;
				IPHONEOS_DEPLOYMENT_TARGET = 16.2;
				MTL_ENABLE_DEBUG_INFO = INCLUDE_SOURCE;
				MTL_FAST_MATH = YES;
				ONLY_ACTIVE_ARCH = YES;
				SDKROOT = iphoneos;
				SWIFT_ACTIVE_COMPILATION_CONDITIONS = DEBUG;
				SWIFT_OPTIMIZATION_LEVEL = "-Onone";
			};
			name = Debug;
		};
		2454809029CB0DD9003BAF4C /* Release */ = {
			isa = XCBuildConfiguration;
			buildSettings = {
				ALWAYS_SEARCH_USER_PATHS = NO;
				CLANG_ANALYZER_NONNULL = YES;
				CLANG_ANALYZER_NUMBER_OBJECT_CONVERSION = YES_AGGRESSIVE;
				CLANG_CXX_LANGUAGE_STANDARD = "gnu++20";
				CLANG_ENABLE_MODULES = YES;
				CLANG_ENABLE_OBJC_ARC = YES;
				CLANG_ENABLE_OBJC_WEAK = YES;
				CLANG_WARN_BLOCK_CAPTURE_AUTORELEASING = YES;
				CLANG_WARN_BOOL_CONVERSION = YES;
				CLANG_WARN_COMMA = YES;
				CLANG_WARN_CONSTANT_CONVERSION = YES;
				CLANG_WARN_DEPRECATED_OBJC_IMPLEMENTATIONS = YES;
				CLANG_WARN_DIRECT_OBJC_ISA_USAGE = YES_ERROR;
				CLANG_WARN_DOCUMENTATION_COMMENTS = YES;
				CLANG_WARN_EMPTY_BODY = YES;
				CLANG_WARN_ENUM_CONVERSION = YES;
				CLANG_WARN_INFINITE_RECURSION = YES;
				CLANG_WARN_INT_CONVERSION = YES;
				CLANG_WARN_NON_LITERAL_NULL_CONVERSION = YES;
				CLANG_WARN_OBJC_IMPLICIT_RETAIN_SELF = YES;
				CLANG_WARN_OBJC_LITERAL_CONVERSION = YES;
				CLANG_WARN_OBJC_ROOT_CLASS = YES_ERROR;
				CLANG_WARN_QUOTED_INCLUDE_IN_FRAMEWORK_HEADER = YES;
				CLANG_WARN_RANGE_LOOP_ANALYSIS = YES;
				CLANG_WARN_STRICT_PROTOTYPES = YES;
				CLANG_WARN_SUSPICIOUS_MOVE = YES;
				CLANG_WARN_UNGUARDED_AVAILABILITY = YES_AGGRESSIVE;
				CLANG_WARN_UNREACHABLE_CODE = YES;
				CLANG_WARN__DUPLICATE_METHOD_MATCH = YES;
				COPY_PHASE_STRIP = NO;
				DEBUG_INFORMATION_FORMAT = "dwarf-with-dsym";
				ENABLE_NS_ASSERTIONS = NO;
				ENABLE_STRICT_OBJC_MSGSEND = YES;
				GCC_C_LANGUAGE_STANDARD = gnu11;
				GCC_NO_COMMON_BLOCKS = YES;
				GCC_WARN_64_TO_32_BIT_CONVERSION = YES;
				GCC_WARN_ABOUT_RETURN_TYPE = YES_ERROR;
				GCC_WARN_UNDECLARED_SELECTOR = YES;
				GCC_WARN_UNINITIALIZED_AUTOS = YES_AGGRESSIVE;
				GCC_WARN_UNUSED_FUNCTION = YES;
				GCC_WARN_UNUSED_VARIABLE = YES;
				IPHONEOS_DEPLOYMENT_TARGET = 16.2;
				MTL_ENABLE_DEBUG_INFO = NO;
				MTL_FAST_MATH = YES;
				SDKROOT = iphoneos;
				SWIFT_COMPILATION_MODE = wholemodule;
				SWIFT_OPTIMIZATION_LEVEL = "-O";
				VALIDATE_PRODUCT = YES;
			};
			name = Release;
		};
		2454809229CB0DD9003BAF4C /* Debug */ = {
			isa = XCBuildConfiguration;
			buildSettings = {
				ASSETCATALOG_COMPILER_APPICON_NAME = AppIcon;
				ASSETCATALOG_COMPILER_GLOBAL_ACCENT_COLOR_NAME = AccentColor;
				CODE_SIGN_STYLE = Automatic;
				CURRENT_PROJECT_VERSION = 1;
				DEVELOPMENT_TEAM = B8289A4XKN;
				GENERATE_INFOPLIST_FILE = YES;
				INFOPLIST_FILE = AnaliticaHouse_Case/Info.plist;
				INFOPLIST_KEY_UIApplicationSupportsIndirectInputEvents = YES;
				INFOPLIST_KEY_UILaunchStoryboardName = LaunchScreen;
				INFOPLIST_KEY_UIMainStoryboardFile = Main;
				INFOPLIST_KEY_UISupportedInterfaceOrientations_iPad = "UIInterfaceOrientationPortrait UIInterfaceOrientationPortraitUpsideDown UIInterfaceOrientationLandscapeLeft UIInterfaceOrientationLandscapeRight";
				INFOPLIST_KEY_UISupportedInterfaceOrientations_iPhone = "UIInterfaceOrientationPortrait UIInterfaceOrientationLandscapeLeft UIInterfaceOrientationLandscapeRight";
				LD_RUNPATH_SEARCH_PATHS = (
					"$(inherited)",
					"@executable_path/Frameworks",
				);
				MARKETING_VERSION = 1.0;
				PRODUCT_BUNDLE_IDENTIFIER = "altintop.AnaliticaHouse-Case";
				PRODUCT_NAME = "$(TARGET_NAME)";
				SWIFT_EMIT_LOC_STRINGS = YES;
				SWIFT_VERSION = 5.0;
				TARGETED_DEVICE_FAMILY = "1,2";
			};
			name = Debug;
		};
		2454809329CB0DD9003BAF4C /* Release */ = {
			isa = XCBuildConfiguration;
			buildSettings = {
				ASSETCATALOG_COMPILER_APPICON_NAME = AppIcon;
				ASSETCATALOG_COMPILER_GLOBAL_ACCENT_COLOR_NAME = AccentColor;
				CODE_SIGN_STYLE = Automatic;
				CURRENT_PROJECT_VERSION = 1;
				DEVELOPMENT_TEAM = B8289A4XKN;
				GENERATE_INFOPLIST_FILE = YES;
				INFOPLIST_FILE = AnaliticaHouse_Case/Info.plist;
				INFOPLIST_KEY_UIApplicationSupportsIndirectInputEvents = YES;
				INFOPLIST_KEY_UILaunchStoryboardName = LaunchScreen;
				INFOPLIST_KEY_UIMainStoryboardFile = Main;
				INFOPLIST_KEY_UISupportedInterfaceOrientations_iPad = "UIInterfaceOrientationPortrait UIInterfaceOrientationPortraitUpsideDown UIInterfaceOrientationLandscapeLeft UIInterfaceOrientationLandscapeRight";
				INFOPLIST_KEY_UISupportedInterfaceOrientations_iPhone = "UIInterfaceOrientationPortrait UIInterfaceOrientationLandscapeLeft UIInterfaceOrientationLandscapeRight";
				LD_RUNPATH_SEARCH_PATHS = (
					"$(inherited)",
					"@executable_path/Frameworks",
				);
				MARKETING_VERSION = 1.0;
				PRODUCT_BUNDLE_IDENTIFIER = "altintop.AnaliticaHouse-Case";
				PRODUCT_NAME = "$(TARGET_NAME)";
				SWIFT_EMIT_LOC_STRINGS = YES;
				SWIFT_VERSION = 5.0;
				TARGETED_DEVICE_FAMILY = "1,2";
			};
			name = Release;
		};
/* End XCBuildConfiguration section */

/* Begin XCConfigurationList section */
		2454807829CB0DD7003BAF4C /* Build configuration list for PBXProject "AnaliticaHouse_Case" */ = {
			isa = XCConfigurationList;
			buildConfigurations = (
				2454808F29CB0DD9003BAF4C /* Debug */,
				2454809029CB0DD9003BAF4C /* Release */,
			);
			defaultConfigurationIsVisible = 0;
			defaultConfigurationName = Release;
		};
		2454809129CB0DD9003BAF4C /* Build configuration list for PBXNativeTarget "AnaliticaHouse_Case" */ = {
			isa = XCConfigurationList;
			buildConfigurations = (
				2454809229CB0DD9003BAF4C /* Debug */,
				2454809329CB0DD9003BAF4C /* Release */,
			);
			defaultConfigurationIsVisible = 0;
			defaultConfigurationName = Release;
		};
/* End XCConfigurationList section */
	};
	rootObject = 2454807529CB0DD7003BAF4C /* Project object */;
}
